
Microsoft Visual Studio Solution File, Format Version 12.00
# Visual Studio Version 17
VisualStudioVersion = 17.11.35312.102
MinimumVisualStudioVersion = 10.0.40219.1
Project("{FAE04EC0-301F-11D3-BF4B-00C04F79EFBC}") = "2024-9-25", "2024-9-25\2024-9-25.csproj", "{860690DF-1D24-40DB-BCBE-5860C17FAD7F}"
EndProject
Global
	GlobalSection(SolutionConfigurationPlatforms) = preSolution
		Debug|Any CPU = Debug|Any CPU
		Release|Any CPU = Release|Any CPU
	EndGlobalSection
	GlobalSection(ProjectConfigurationPlatforms) = postSolution
		{860690DF-1D24-40DB-BCBE-5860C17FAD7F}.Debug|Any CPU.ActiveCfg = Debug|Any CPU
		{860690DF-1D24-40DB-BCBE-5860C17FAD7F}.Debug|Any CPU.Build.0 = Debug|Any CPU
		{860690DF-1D24-40DB-BCBE-5860C17FAD7F}.Release|Any CPU.ActiveCfg = Release|Any CPU
		{860690DF-1D24-40DB-BCBE-5860C17FAD7F}.Release|Any CPU.Build.0 = Release|Any CPU
	EndGlobalSection
	GlobalSection(SolutionProperties) = preSolution
		HideSolutionNode = FALSE
	EndGlobalSection
	GlobalSection(ExtensibilityGlobals) = postSolution
		SolutionGuid = {6F79517D-C846-4A1B-BDC4-9B2897265040}
	EndGlobalSection
EndGlobal
